// !$*UTF8*$!
{
	archiveVersion = 1;
	classes = {
	};
	objectVersion = 50;
	objects = {

/* Begin PBXBuildFile section */
		80D9C86A25E1195700B81B99 /* Image+ext.swift in Sources */ = {isa = PBXBuildFile; fileRef = 80D9C86925E1195700B81B99 /* Image+ext.swift */; };
		B2041AAD25DBC466001213CB /* BestFoodApp.swift in Sources */ = {isa = PBXBuildFile; fileRef = B2041AAC25DBC466001213CB /* BestFoodApp.swift */; };
		B2041AAF25DBC466001213CB /* BestFoodTabView.swift in Sources */ = {isa = PBXBuildFile; fileRef = B2041AAE25DBC466001213CB /* BestFoodTabView.swift */; };
		B2041AB125DBC467001213CB /* Assets.xcassets in Resources */ = {isa = PBXBuildFile; fileRef = B2041AB025DBC467001213CB /* Assets.xcassets */; };
		B2041AB425DBC467001213CB /* Preview Assets.xcassets in Resources */ = {isa = PBXBuildFile; fileRef = B2041AB325DBC467001213CB /* Preview Assets.xcassets */; };
		B2041ABF25DBC467001213CB /* BestFoodTests.swift in Sources */ = {isa = PBXBuildFile; fileRef = B2041ABE25DBC467001213CB /* BestFoodTests.swift */; };
		B2041ACA25DBC467001213CB /* BestFoodUITests.swift in Sources */ = {isa = PBXBuildFile; fileRef = B2041AC925DBC467001213CB /* BestFoodUITests.swift */; };
		B2041AE325DBC5F6001213CB /* Color+ext.swift in Sources */ = {isa = PBXBuildFile; fileRef = B2041AE225DBC5F6001213CB /* Color+ext.swift */; };
		B2041AE825DBC6E0001213CB /* FoodListView.swift in Sources */ = {isa = PBXBuildFile; fileRef = B2041AE725DBC6E0001213CB /* FoodListView.swift */; };
		B2041AED25DBC738001213CB /* OrderView.swift in Sources */ = {isa = PBXBuildFile; fileRef = B2041AEC25DBC738001213CB /* OrderView.swift */; };
		B2041AF225DBC755001213CB /* ProfileView.swift in Sources */ = {isa = PBXBuildFile; fileRef = B2041AF125DBC755001213CB /* ProfileView.swift */; };
		B2041AF825DBC917001213CB /* FoodModel.swift in Sources */ = {isa = PBXBuildFile; fileRef = B2041AF725DBC917001213CB /* FoodModel.swift */; };
		B2041B0025DBC9AE001213CB /* FakeFoodService.swift in Sources */ = {isa = PBXBuildFile; fileRef = B2041AFF25DBC9AE001213CB /* FakeFoodService.swift */; };
		B2041B0525DBCA95001213CB /* FoodService.swift in Sources */ = {isa = PBXBuildFile; fileRef = B2041B0425DBCA95001213CB /* FoodService.swift */; };
		B2041B0D25DBCBFF001213CB /* FoodListViewModel.swift in Sources */ = {isa = PBXBuildFile; fileRef = B2041B0C25DBCBFF001213CB /* FoodListViewModel.swift */; };
		B2041B1D25DBCE30001213CB /* FoodView.swift in Sources */ = {isa = PBXBuildFile; fileRef = B2041B1C25DBCE30001213CB /* FoodView.swift */; };
		B2041B2225DBCE6E001213CB /* FoodViewModel.swift in Sources */ = {isa = PBXBuildFile; fileRef = B2041B2125DBCE6E001213CB /* FoodViewModel.swift */; };
		B2041B2725DBD8DB001213CB /* FoodCardView.swift in Sources */ = {isa = PBXBuildFile; fileRef = B2041B2625DBD8DB001213CB /* FoodCardView.swift */; };
		B2041B2C25DBDFD7001213CB /* ActivityIndicatorView.swift in Sources */ = {isa = PBXBuildFile; fileRef = B2041B2B25DBDFD7001213CB /* ActivityIndicatorView.swift */; };
		B2041B3125DBE145001213CB /* LoadingView.swift in Sources */ = {isa = PBXBuildFile; fileRef = B2041B3025DBE145001213CB /* LoadingView.swift */; };
		B2041B3925DBE509001213CB /* OrderViewModel.swift in Sources */ = {isa = PBXBuildFile; fileRef = B2041B3825DBE509001213CB /* OrderViewModel.swift */; };
		B2C0108325DD2B77001CEC01 /* OrderEntryModel.swift in Sources */ = {isa = PBXBuildFile; fileRef = B2C0108225DD2B77001CEC01 /* OrderEntryModel.swift */; };
		B2C0108B25DD2C15001CEC01 /* OrderService.swift in Sources */ = {isa = PBXBuildFile; fileRef = B2C0108A25DD2C15001CEC01 /* OrderService.swift */; };
		B2C0109025DD32EE001CEC01 /* URLSession+ext.swift in Sources */ = {isa = PBXBuildFile; fileRef = B2C0108F25DD32EE001CEC01 /* URLSession+ext.swift */; };
		B2C0109525DD51F0001CEC01 /* OrderModel.swift in Sources */ = {isa = PBXBuildFile; fileRef = B2C0109425DD51F0001CEC01 /* OrderModel.swift */; };
		B2C0109A25DD579D001CEC01 /* ToDo in Resources */ = {isa = PBXBuildFile; fileRef = B2C0109925DD579D001CEC01 /* ToDo */; };
		B2E9037F25DBF72F00A69C8A /* ProfileViewModel.swift in Sources */ = {isa = PBXBuildFile; fileRef = B2E9037E25DBF72F00A69C8A /* ProfileViewModel.swift */; };
		B2E9038425DBFB7700A69C8A /* EmptyView.swift in Sources */ = {isa = PBXBuildFile; fileRef = B2E9038325DBFB7700A69C8A /* EmptyView.swift */; };
		B2E9038925DBFD2400A69C8A /* ImageLoader.swift in Sources */ = {isa = PBXBuildFile; fileRef = B2E9038825DBFD2400A69C8A /* ImageLoader.swift */; };
		B2E9038E25DBFFBB00A69C8A /* LazyImageViewModel.swift in Sources */ = {isa = PBXBuildFile; fileRef = B2E9038D25DBFFBB00A69C8A /* LazyImageViewModel.swift */; };
		B2E903A025DC02CC00A69C8A /* LazyImageView.swift in Sources */ = {isa = PBXBuildFile; fileRef = B2E9039F25DC02CC00A69C8A /* LazyImageView.swift */; };
		B2E903B125DC0E9200A69C8A /* HttpFoodService.swift in Sources */ = {isa = PBXBuildFile; fileRef = B2E903B025DC0E9200A69C8A /* HttpFoodService.swift */; };
/* End PBXBuildFile section */

/* Begin PBXContainerItemProxy section */
		B2041ABB25DBC467001213CB /* PBXContainerItemProxy */ = {
			isa = PBXContainerItemProxy;
			containerPortal = B2041AA125DBC466001213CB /* Project object */;
			proxyType = 1;
			remoteGlobalIDString = B2041AA825DBC466001213CB;
			remoteInfo = BestFood;
		};
		B2041AC625DBC467001213CB /* PBXContainerItemProxy */ = {
			isa = PBXContainerItemProxy;
			containerPortal = B2041AA125DBC466001213CB /* Project object */;
			proxyType = 1;
			remoteGlobalIDString = B2041AA825DBC466001213CB;
			remoteInfo = BestFood;
		};
/* End PBXContainerItemProxy section */

/* Begin PBXFileReference section */
		8018F26125E655C000AF3D96 /* restaurant3.jpg */ = {isa = PBXFileReference; lastKnownFileType = image.jpeg; path = restaurant3.jpg; sourceTree = "<group>"; };
		8018F26225E655C000AF3D96 /* restaurant1.jpg */ = {isa = PBXFileReference; lastKnownFileType = image.jpeg; path = restaurant1.jpg; sourceTree = "<group>"; };
		8018F26325E655C000AF3D96 /* restaurant2.jpg */ = {isa = PBXFileReference; lastKnownFileType = image.jpeg; path = restaurant2.jpg; sourceTree = "<group>"; };
		80D9C86925E1195700B81B99 /* Image+ext.swift */ = {isa = PBXFileReference; lastKnownFileType = sourcecode.swift; path = "Image+ext.swift"; sourceTree = "<group>"; };
		B2041AA925DBC466001213CB /* BestFood.app */ = {isa = PBXFileReference; explicitFileType = wrapper.application; includeInIndex = 0; path = BestFood.app; sourceTree = BUILT_PRODUCTS_DIR; };
		B2041AAC25DBC466001213CB /* BestFoodApp.swift */ = {isa = PBXFileReference; lastKnownFileType = sourcecode.swift; path = BestFoodApp.swift; sourceTree = "<group>"; };
		B2041AAE25DBC466001213CB /* BestFoodTabView.swift */ = {isa = PBXFileReference; lastKnownFileType = sourcecode.swift; path = BestFoodTabView.swift; sourceTree = "<group>"; };
		B2041AB025DBC467001213CB /* Assets.xcassets */ = {isa = PBXFileReference; lastKnownFileType = folder.assetcatalog; path = Assets.xcassets; sourceTree = "<group>"; };
		B2041AB325DBC467001213CB /* Preview Assets.xcassets */ = {isa = PBXFileReference; lastKnownFileType = folder.assetcatalog; path = "Preview Assets.xcassets"; sourceTree = "<group>"; };
		B2041AB525DBC467001213CB /* Info.plist */ = {isa = PBXFileReference; lastKnownFileType = text.plist.xml; path = Info.plist; sourceTree = "<group>"; };
		B2041ABA25DBC467001213CB /* BestFoodTests.xctest */ = {isa = PBXFileReference; explicitFileType = wrapper.cfbundle; includeInIndex = 0; path = BestFoodTests.xctest; sourceTree = BUILT_PRODUCTS_DIR; };
		B2041ABE25DBC467001213CB /* BestFoodTests.swift */ = {isa = PBXFileReference; lastKnownFileType = sourcecode.swift; path = BestFoodTests.swift; sourceTree = "<group>"; };
		B2041AC025DBC467001213CB /* Info.plist */ = {isa = PBXFileReference; lastKnownFileType = text.plist.xml; path = Info.plist; sourceTree = "<group>"; };
		B2041AC525DBC467001213CB /* BestFoodUITests.xctest */ = {isa = PBXFileReference; explicitFileType = wrapper.cfbundle; includeInIndex = 0; path = BestFoodUITests.xctest; sourceTree = BUILT_PRODUCTS_DIR; };
		B2041AC925DBC467001213CB /* BestFoodUITests.swift */ = {isa = PBXFileReference; lastKnownFileType = sourcecode.swift; path = BestFoodUITests.swift; sourceTree = "<group>"; };
		B2041ACB25DBC467001213CB /* Info.plist */ = {isa = PBXFileReference; lastKnownFileType = text.plist.xml; path = Info.plist; sourceTree = "<group>"; };
		B2041AE225DBC5F6001213CB /* Color+ext.swift */ = {isa = PBXFileReference; lastKnownFileType = sourcecode.swift; path = "Color+ext.swift"; sourceTree = "<group>"; };
		B2041AE725DBC6E0001213CB /* FoodListView.swift */ = {isa = PBXFileReference; lastKnownFileType = sourcecode.swift; path = FoodListView.swift; sourceTree = "<group>"; };
		B2041AEC25DBC738001213CB /* OrderView.swift */ = {isa = PBXFileReference; lastKnownFileType = sourcecode.swift; path = OrderView.swift; sourceTree = "<group>"; };
		B2041AF125DBC755001213CB /* ProfileView.swift */ = {isa = PBXFileReference; lastKnownFileType = sourcecode.swift; path = ProfileView.swift; sourceTree = "<group>"; };
		B2041AF725DBC917001213CB /* FoodModel.swift */ = {isa = PBXFileReference; lastKnownFileType = sourcecode.swift; path = FoodModel.swift; sourceTree = "<group>"; };
		B2041AFF25DBC9AE001213CB /* FakeFoodService.swift */ = {isa = PBXFileReference; lastKnownFileType = sourcecode.swift; path = FakeFoodService.swift; sourceTree = "<group>"; };
		B2041B0425DBCA95001213CB /* FoodService.swift */ = {isa = PBXFileReference; lastKnownFileType = sourcecode.swift; path = FoodService.swift; sourceTree = "<group>"; };
		B2041B0C25DBCBFF001213CB /* FoodListViewModel.swift */ = {isa = PBXFileReference; lastKnownFileType = sourcecode.swift; path = FoodListViewModel.swift; sourceTree = "<group>"; };
		B2041B1C25DBCE30001213CB /* FoodView.swift */ = {isa = PBXFileReference; lastKnownFileType = sourcecode.swift; path = FoodView.swift; sourceTree = "<group>"; };
		B2041B2125DBCE6E001213CB /* FoodViewModel.swift */ = {isa = PBXFileReference; lastKnownFileType = sourcecode.swift; path = FoodViewModel.swift; sourceTree = "<group>"; };
		B2041B2625DBD8DB001213CB /* FoodCardView.swift */ = {isa = PBXFileReference; lastKnownFileType = sourcecode.swift; path = FoodCardView.swift; sourceTree = "<group>"; };
		B2041B2B25DBDFD7001213CB /* ActivityIndicatorView.swift */ = {isa = PBXFileReference; lastKnownFileType = sourcecode.swift; path = ActivityIndicatorView.swift; sourceTree = "<group>"; };
		B2041B3025DBE145001213CB /* LoadingView.swift */ = {isa = PBXFileReference; lastKnownFileType = sourcecode.swift; path = LoadingView.swift; sourceTree = "<group>"; };
		B2041B3825DBE509001213CB /* OrderViewModel.swift */ = {isa = PBXFileReference; lastKnownFileType = sourcecode.swift; path = OrderViewModel.swift; sourceTree = "<group>"; };
		B224E92F25E2D621005D6195 /* asparagus-steak.png */ = {isa = PBXFileReference; lastKnownFileType = image.png; path = "asparagus-steak.png"; sourceTree = "<group>"; };
		B224E93025E2D621005D6195 /* placeholder.png */ = {isa = PBXFileReference; lastKnownFileType = image.png; path = placeholder.png; sourceTree = "<group>"; };
		B224E93125E2D621005D6195 /* salmon-teriyaki-fish.png */ = {isa = PBXFileReference; lastKnownFileType = image.png; path = "salmon-teriyaki-fish.png"; sourceTree = "<group>"; };
		B224E93225E2D621005D6195 /* big-burger.png */ = {isa = PBXFileReference; lastKnownFileType = image.png; path = "big-burger.png"; sourceTree = "<group>"; };
		B224E93325E2D621005D6195 /* healthy-pizza.png */ = {isa = PBXFileReference; lastKnownFileType = image.png; path = "healthy-pizza.png"; sourceTree = "<group>"; };
		B224E93425E2D621005D6195 /* data.json */ = {isa = PBXFileReference; lastKnownFileType = text.json; path = data.json; sourceTree = "<group>"; };
		B224E93825E2D8D7005D6195 /* run.sh */ = {isa = PBXFileReference; lastKnownFileType = text.script.sh; path = run.sh; sourceTree = "<group>"; };
		B2C0108225DD2B77001CEC01 /* OrderEntryModel.swift */ = {isa = PBXFileReference; lastKnownFileType = sourcecode.swift; path = OrderEntryModel.swift; sourceTree = "<group>"; };
		B2C0108A25DD2C15001CEC01 /* OrderService.swift */ = {isa = PBXFileReference; lastKnownFileType = sourcecode.swift; path = OrderService.swift; sourceTree = "<group>"; };
		B2C0108F25DD32EE001CEC01 /* URLSession+ext.swift */ = {isa = PBXFileReference; lastKnownFileType = sourcecode.swift; path = "URLSession+ext.swift"; sourceTree = "<group>"; };
		B2C0109425DD51F0001CEC01 /* OrderModel.swift */ = {isa = PBXFileReference; lastKnownFileType = sourcecode.swift; path = OrderModel.swift; sourceTree = "<group>"; };
		B2C0109925DD579D001CEC01 /* ToDo */ = {isa = PBXFileReference; lastKnownFileType = text; path = ToDo; sourceTree = "<group>"; };
		B2E9037E25DBF72F00A69C8A /* ProfileViewModel.swift */ = {isa = PBXFileReference; lastKnownFileType = sourcecode.swift; path = ProfileViewModel.swift; sourceTree = "<group>"; };
		B2E9038325DBFB7700A69C8A /* EmptyView.swift */ = {isa = PBXFileReference; lastKnownFileType = sourcecode.swift; path = EmptyView.swift; sourceTree = "<group>"; };
		B2E9038825DBFD2400A69C8A /* ImageLoader.swift */ = {isa = PBXFileReference; lastKnownFileType = sourcecode.swift; path = ImageLoader.swift; sourceTree = "<group>"; };
		B2E9038D25DBFFBB00A69C8A /* LazyImageViewModel.swift */ = {isa = PBXFileReference; lastKnownFileType = sourcecode.swift; path = LazyImageViewModel.swift; sourceTree = "<group>"; };
		B2E9039F25DC02CC00A69C8A /* LazyImageView.swift */ = {isa = PBXFileReference; lastKnownFileType = sourcecode.swift; path = LazyImageView.swift; sourceTree = "<group>"; };
		B2E903B025DC0E9200A69C8A /* HttpFoodService.swift */ = {isa = PBXFileReference; lastKnownFileType = sourcecode.swift; path = HttpFoodService.swift; sourceTree = "<group>"; };
/* End PBXFileReference section */

/* Begin PBXFrameworksBuildPhase section */
		B2041AA625DBC466001213CB /* Frameworks */ = {
			isa = PBXFrameworksBuildPhase;
			buildActionMask = 2147483647;
			files = (
			);
			runOnlyForDeploymentPostprocessing = 0;
		};
		B2041AB725DBC467001213CB /* Frameworks */ = {
			isa = PBXFrameworksBuildPhase;
			buildActionMask = 2147483647;
			files = (
			);
			runOnlyForDeploymentPostprocessing = 0;
		};
		B2041AC225DBC467001213CB /* Frameworks */ = {
			isa = PBXFrameworksBuildPhase;
			buildActionMask = 2147483647;
			files = (
			);
			runOnlyForDeploymentPostprocessing = 0;
		};
/* End PBXFrameworksBuildPhase section */

/* Begin PBXGroup section */
		80D9C85825E1179C00B81B99 /* Views */ = {
			isa = PBXGroup;
			children = (
				B2041B2B25DBDFD7001213CB /* ActivityIndicatorView.swift */,
				B2E9038325DBFB7700A69C8A /* EmptyView.swift */,
				B2041B3025DBE145001213CB /* LoadingView.swift */,
				B2E9038825DBFD2400A69C8A /* ImageLoader.swift */,
				B2E9038D25DBFFBB00A69C8A /* LazyImageViewModel.swift */,
				B2E9039F25DC02CC00A69C8A /* LazyImageView.swift */,
			);
			path = Views;
			sourceTree = "<group>";
		};
		80D9C86825E1193F00B81B99 /* Extensions */ = {
			isa = PBXGroup;
			children = (
				B2041AE225DBC5F6001213CB /* Color+ext.swift */,
				80D9C86925E1195700B81B99 /* Image+ext.swift */,
				B2C0108F25DD32EE001CEC01 /* URLSession+ext.swift */,
			);
			path = Extensions;
			sourceTree = "<group>";
		};
		80D9C88625E13C6B00B81B99 /* Views */ = {
			isa = PBXGroup;
			children = (
				B2041ADA25DBC4D9001213CB /* Food */,
				B2041ADB25DBC4EC001213CB /* Order */,
				B2041ADC25DBC4FB001213CB /* Profile */,
				B2041AAE25DBC466001213CB /* BestFoodTabView.swift */,
			);
			path = Views;
			sourceTree = "<group>";
		};
		B2041AA025DBC466001213CB = {
			isa = PBXGroup;
			children = (
				B2C0109925DD579D001CEC01 /* ToDo */,
				B2041AAB25DBC466001213CB /* BestFood */,
				B224E92D25E2D621005D6195 /* extras */,
				B2041ABD25DBC467001213CB /* BestFoodTests */,
				B2041AC825DBC467001213CB /* BestFoodUITests */,
				B2041AAA25DBC466001213CB /* Products */,
			);
			sourceTree = "<group>";
		};
		B2041AAA25DBC466001213CB /* Products */ = {
			isa = PBXGroup;
			children = (
				B2041AA925DBC466001213CB /* BestFood.app */,
				B2041ABA25DBC467001213CB /* BestFoodTests.xctest */,
				B2041AC525DBC467001213CB /* BestFoodUITests.xctest */,
			);
			name = Products;
			sourceTree = "<group>";
		};
		B2041AAB25DBC466001213CB /* BestFood */ = {
			isa = PBXGroup;
			children = (
				B2041ADD25DBC509001213CB /* Resources */,
				B2041AE125DBC5E5001213CB /* Commons */,
				B2041AF625DBC8F2001213CB /* Models */,
				80D9C88625E13C6B00B81B99 /* Views */,
				B2041AAC25DBC466001213CB /* BestFoodApp.swift */,
				B2041AB225DBC467001213CB /* Preview Content */,
			);
			path = BestFood;
			sourceTree = "<group>";
		};
		B2041AB225DBC467001213CB /* Preview Content */ = {
			isa = PBXGroup;
			children = (
				B2041AB325DBC467001213CB /* Preview Assets.xcassets */,
			);
			path = "Preview Content";
			sourceTree = "<group>";
		};
		B2041ABD25DBC467001213CB /* BestFoodTests */ = {
			isa = PBXGroup;
			children = (
				B2041ABE25DBC467001213CB /* BestFoodTests.swift */,
				B2041AC025DBC467001213CB /* Info.plist */,
			);
			path = BestFoodTests;
			sourceTree = "<group>";
		};
		B2041AC825DBC467001213CB /* BestFoodUITests */ = {
			isa = PBXGroup;
			children = (
				B2041AC925DBC467001213CB /* BestFoodUITests.swift */,
				B2041ACB25DBC467001213CB /* Info.plist */,
			);
			path = BestFoodUITests;
			sourceTree = "<group>";
		};
		B2041ADA25DBC4D9001213CB /* Food */ = {
			isa = PBXGroup;
			children = (
				B2041AE725DBC6E0001213CB /* FoodListView.swift */,
				B2041B0C25DBCBFF001213CB /* FoodListViewModel.swift */,
				B2041B1C25DBCE30001213CB /* FoodView.swift */,
				B2041B2125DBCE6E001213CB /* FoodViewModel.swift */,
				B2041B2625DBD8DB001213CB /* FoodCardView.swift */,
			);
			path = Food;
			sourceTree = "<group>";
		};
		B2041ADB25DBC4EC001213CB /* Order */ = {
			isa = PBXGroup;
			children = (
				B2041AEC25DBC738001213CB /* OrderView.swift */,
				B2041B3825DBE509001213CB /* OrderViewModel.swift */,
			);
			path = Order;
			sourceTree = "<group>";
		};
		B2041ADC25DBC4FB001213CB /* Profile */ = {
			isa = PBXGroup;
			children = (
				B2041AF125DBC755001213CB /* ProfileView.swift */,
				B2E9037E25DBF72F00A69C8A /* ProfileViewModel.swift */,
			);
			path = Profile;
			sourceTree = "<group>";
		};
		B2041ADD25DBC509001213CB /* Resources */ = {
			isa = PBXGroup;
			children = (
				B2041AB025DBC467001213CB /* Assets.xcassets */,
				B2041AB525DBC467001213CB /* Info.plist */,
			);
			path = Resources;
			sourceTree = "<group>";
		};
		B2041AE125DBC5E5001213CB /* Commons */ = {
			isa = PBXGroup;
			children = (
				80D9C86825E1193F00B81B99 /* Extensions */,
				80D9C85825E1179C00B81B99 /* Views */,
			);
			path = Commons;
			sourceTree = "<group>";
		};
		B2041AF625DBC8F2001213CB /* Models */ = {
			isa = PBXGroup;
			children = (
				B2041AF725DBC917001213CB /* FoodModel.swift */,
				B2041AFF25DBC9AE001213CB /* FakeFoodService.swift */,
				B2041B0425DBCA95001213CB /* FoodService.swift */,
				B2E903B025DC0E9200A69C8A /* HttpFoodService.swift */,
				B2C0108225DD2B77001CEC01 /* OrderEntryModel.swift */,
				B2C0109425DD51F0001CEC01 /* OrderModel.swift */,
				B2C0108A25DD2C15001CEC01 /* OrderService.swift */,
			);
			path = Models;
			sourceTree = "<group>";
		};
		B224E92D25E2D621005D6195 /* extras */ = {
			isa = PBXGroup;
			children = (
				B224E92E25E2D621005D6195 /* images */,
				B224E93425E2D621005D6195 /* data.json */,
				B224E93825E2D8D7005D6195 /* run.sh */,
			);
			path = extras;
			sourceTree = SOURCE_ROOT;
		};
		B224E92E25E2D621005D6195 /* images */ = {
			isa = PBXGroup;
			children = (
				8018F26225E655C000AF3D96 /* restaurant1.jpg */,
				8018F26325E655C000AF3D96 /* restaurant2.jpg */,
				8018F26125E655C000AF3D96 /* restaurant3.jpg */,
				B224E92F25E2D621005D6195 /* asparagus-steak.png */,
				B224E93025E2D621005D6195 /* placeholder.png */,
				B224E93125E2D621005D6195 /* salmon-teriyaki-fish.png */,
				B224E93225E2D621005D6195 /* big-burger.png */,
				B224E93325E2D621005D6195 /* healthy-pizza.png */,
			);
			path = images;
			sourceTree = "<group>";
		};
/* End PBXGroup section */

/* Begin PBXNativeTarget section */
		B2041AA825DBC466001213CB /* BestFood */ = {
			isa = PBXNativeTarget;
			buildConfigurationList = B2041ACE25DBC467001213CB /* Build configuration list for PBXNativeTarget "BestFood" */;
			buildPhases = (
				B2041AA525DBC466001213CB /* Sources */,
				B2041AA625DBC466001213CB /* Frameworks */,
				B2041AA725DBC466001213CB /* Resources */,
			);
			buildRules = (
			);
			dependencies = (
			);
			name = BestFood;
			productName = BestFood;
			productReference = B2041AA925DBC466001213CB /* BestFood.app */;
			productType = "com.apple.product-type.application";
		};
		B2041AB925DBC467001213CB /* BestFoodTests */ = {
			isa = PBXNativeTarget;
			buildConfigurationList = B2041AD125DBC467001213CB /* Build configuration list for PBXNativeTarget "BestFoodTests" */;
			buildPhases = (
				B2041AB625DBC467001213CB /* Sources */,
				B2041AB725DBC467001213CB /* Frameworks */,
				B2041AB825DBC467001213CB /* Resources */,
			);
			buildRules = (
			);
			dependencies = (
				B2041ABC25DBC467001213CB /* PBXTargetDependency */,
			);
			name = BestFoodTests;
			productName = BestFoodTests;
			productReference = B2041ABA25DBC467001213CB /* BestFoodTests.xctest */;
			productType = "com.apple.product-type.bundle.unit-test";
		};
		B2041AC425DBC467001213CB /* BestFoodUITests */ = {
			isa = PBXNativeTarget;
			buildConfigurationList = B2041AD425DBC467001213CB /* Build configuration list for PBXNativeTarget "BestFoodUITests" */;
			buildPhases = (
				B2041AC125DBC467001213CB /* Sources */,
				B2041AC225DBC467001213CB /* Frameworks */,
				B2041AC325DBC467001213CB /* Resources */,
			);
			buildRules = (
			);
			dependencies = (
				B2041AC725DBC467001213CB /* PBXTargetDependency */,
			);
			name = BestFoodUITests;
			productName = BestFoodUITests;
			productReference = B2041AC525DBC467001213CB /* BestFoodUITests.xctest */;
			productType = "com.apple.product-type.bundle.ui-testing";
		};
/* End PBXNativeTarget section */

/* Begin PBXProject section */
		B2041AA125DBC466001213CB /* Project object */ = {
			isa = PBXProject;
			attributes = {
				LastSwiftUpdateCheck = 1230;
				LastUpgradeCheck = 1230;
				TargetAttributes = {
					B2041AA825DBC466001213CB = {
						CreatedOnToolsVersion = 12.3;
					};
					B2041AB925DBC467001213CB = {
						CreatedOnToolsVersion = 12.3;
						TestTargetID = B2041AA825DBC466001213CB;
					};
					B2041AC425DBC467001213CB = {
						CreatedOnToolsVersion = 12.3;
						TestTargetID = B2041AA825DBC466001213CB;
					};
				};
			};
			buildConfigurationList = B2041AA425DBC466001213CB /* Build configuration list for PBXProject "BestFood" */;
			compatibilityVersion = "Xcode 9.3";
			developmentRegion = en;
			hasScannedForEncodings = 0;
			knownRegions = (
				en,
				Base,
			);
			mainGroup = B2041AA025DBC466001213CB;
			productRefGroup = B2041AAA25DBC466001213CB /* Products */;
			projectDirPath = "";
			projectRoot = "";
			targets = (
				B2041AA825DBC466001213CB /* BestFood */,
				B2041AB925DBC467001213CB /* BestFoodTests */,
				B2041AC425DBC467001213CB /* BestFoodUITests */,
			);
		};
/* End PBXProject section */

/* Begin PBXResourcesBuildPhase section */
		B2041AA725DBC466001213CB /* Resources */ = {
			isa = PBXResourcesBuildPhase;
			buildActionMask = 2147483647;
			files = (
				B2041AB425DBC467001213CB /* Preview Assets.xcassets in Resources */,
				B2041AB125DBC467001213CB /* Assets.xcassets in Resources */,
				B2C0109A25DD579D001CEC01 /* ToDo in Resources */,
			);
			runOnlyForDeploymentPostprocessing = 0;
		};
		B2041AB825DBC467001213CB /* Resources */ = {
			isa = PBXResourcesBuildPhase;
			buildActionMask = 2147483647;
			files = (
			);
			runOnlyForDeploymentPostprocessing = 0;
		};
		B2041AC325DBC467001213CB /* Resources */ = {
			isa = PBXResourcesBuildPhase;
			buildActionMask = 2147483647;
			files = (
			);
			runOnlyForDeploymentPostprocessing = 0;
		};
/* End PBXResourcesBuildPhase section */

/* Begin PBXSourcesBuildPhase section */
		B2041AA525DBC466001213CB /* Sources */ = {
			isa = PBXSourcesBuildPhase;
			buildActionMask = 2147483647;
			files = (
				B2041AE825DBC6E0001213CB /* FoodListView.swift in Sources */,
				B2041B2725DBD8DB001213CB /* FoodCardView.swift in Sources */,
				80D9C86A25E1195700B81B99 /* Image+ext.swift in Sources */,
				B2041AAF25DBC466001213CB /* BestFoodTabView.swift in Sources */,
				B2E903A025DC02CC00A69C8A /* LazyImageView.swift in Sources */,
				B2041B2225DBCE6E001213CB /* FoodViewModel.swift in Sources */,
				B2C0109025DD32EE001CEC01 /* URLSession+ext.swift in Sources */,
				B2041B2C25DBDFD7001213CB /* ActivityIndicatorView.swift in Sources */,
				B2041B0D25DBCBFF001213CB /* FoodListViewModel.swift in Sources */,
				B2C0109525DD51F0001CEC01 /* OrderModel.swift in Sources */,
				B2041B1D25DBCE30001213CB /* FoodView.swift in Sources */,
				B2041B3925DBE509001213CB /* OrderViewModel.swift in Sources */,
				B2041B0025DBC9AE001213CB /* FakeFoodService.swift in Sources */,
				B2E9038925DBFD2400A69C8A /* ImageLoader.swift in Sources */,
				B2C0108325DD2B77001CEC01 /* OrderEntryModel.swift in Sources */,
				B2041B3125DBE145001213CB /* LoadingView.swift in Sources */,
				B2E9038425DBFB7700A69C8A /* EmptyView.swift in Sources */,
				B2041AAD25DBC466001213CB /* BestFoodApp.swift in Sources */,
				B2041B0525DBCA95001213CB /* FoodService.swift in Sources */,
				B2C0108B25DD2C15001CEC01 /* OrderService.swift in Sources */,
				B2041AE325DBC5F6001213CB /* Color+ext.swift in Sources */,
				B2E9037F25DBF72F00A69C8A /* ProfileViewModel.swift in Sources */,
				B2E903B125DC0E9200A69C8A /* HttpFoodService.swift in Sources */,
				B2E9038E25DBFFBB00A69C8A /* LazyImageViewModel.swift in Sources */,
				B2041AF225DBC755001213CB /* ProfileView.swift in Sources */,
				B2041AED25DBC738001213CB /* OrderView.swift in Sources */,
				B2041AF825DBC917001213CB /* FoodModel.swift in Sources */,
			);
			runOnlyForDeploymentPostprocessing = 0;
		};
		B2041AB625DBC467001213CB /* Sources */ = {
			isa = PBXSourcesBuildPhase;
			buildActionMask = 2147483647;
			files = (
				B2041ABF25DBC467001213CB /* BestFoodTests.swift in Sources */,
			);
			runOnlyForDeploymentPostprocessing = 0;
		};
		B2041AC125DBC467001213CB /* Sources */ = {
			isa = PBXSourcesBuildPhase;
			buildActionMask = 2147483647;
			files = (
				B2041ACA25DBC467001213CB /* BestFoodUITests.swift in Sources */,
			);
			runOnlyForDeploymentPostprocessing = 0;
		};
/* End PBXSourcesBuildPhase section */

/* Begin PBXTargetDependency section */
		B2041ABC25DBC467001213CB /* PBXTargetDependency */ = {
			isa = PBXTargetDependency;
			target = B2041AA825DBC466001213CB /* BestFood */;
			targetProxy = B2041ABB25DBC467001213CB /* PBXContainerItemProxy */;
		};
		B2041AC725DBC467001213CB /* PBXTargetDependency */ = {
			isa = PBXTargetDependency;
			target = B2041AA825DBC466001213CB /* BestFood */;
			targetProxy = B2041AC625DBC467001213CB /* PBXContainerItemProxy */;
		};
/* End PBXTargetDependency section */

/* Begin XCBuildConfiguration section */
		B2041ACC25DBC467001213CB /* Debug */ = {
			isa = XCBuildConfiguration;
			buildSettings = {
				ALWAYS_SEARCH_USER_PATHS = NO;
				CLANG_ANALYZER_NONNULL = YES;
				CLANG_ANALYZER_NUMBER_OBJECT_CONVERSION = YES_AGGRESSIVE;
				CLANG_CXX_LANGUAGE_STANDARD = "gnu++14";
				CLANG_CXX_LIBRARY = "libc++";
				CLANG_ENABLE_MODULES = YES;
				CLANG_ENABLE_OBJC_ARC = YES;
				CLANG_ENABLE_OBJC_WEAK = YES;
				CLANG_WARN_BLOCK_CAPTURE_AUTORELEASING = YES;
				CLANG_WARN_BOOL_CONVERSION = YES;
				CLANG_WARN_COMMA = YES;
				CLANG_WARN_CONSTANT_CONVERSION = YES;
				CLANG_WARN_DEPRECATED_OBJC_IMPLEMENTATIONS = YES;
				CLANG_WARN_DIRECT_OBJC_ISA_USAGE = YES_ERROR;
				CLANG_WARN_DOCUMENTATION_COMMENTS = YES;
				CLANG_WARN_EMPTY_BODY = YES;
				CLANG_WARN_ENUM_CONVERSION = YES;
				CLANG_WARN_INFINITE_RECURSION = YES;
				CLANG_WARN_INT_CONVERSION = YES;
				CLANG_WARN_NON_LITERAL_NULL_CONVERSION = YES;
				CLANG_WARN_OBJC_IMPLICIT_RETAIN_SELF = YES;
				CLANG_WARN_OBJC_LITERAL_CONVERSION = YES;
				CLANG_WARN_OBJC_ROOT_CLASS = YES_ERROR;
				CLANG_WARN_QUOTED_INCLUDE_IN_FRAMEWORK_HEADER = YES;
				CLANG_WARN_RANGE_LOOP_ANALYSIS = YES;
				CLANG_WARN_STRICT_PROTOTYPES = YES;
				CLANG_WARN_SUSPICIOUS_MOVE = YES;
				CLANG_WARN_UNGUARDED_AVAILABILITY = YES_AGGRESSIVE;
				CLANG_WARN_UNREACHABLE_CODE = YES;
				CLANG_WARN__DUPLICATE_METHOD_MATCH = YES;
				COPY_PHASE_STRIP = NO;
				DEBUG_INFORMATION_FORMAT = dwarf;
				ENABLE_STRICT_OBJC_MSGSEND = YES;
				ENABLE_TESTABILITY = YES;
				GCC_C_LANGUAGE_STANDARD = gnu11;
				GCC_DYNAMIC_NO_PIC = NO;
				GCC_NO_COMMON_BLOCKS = YES;
				GCC_OPTIMIZATION_LEVEL = 0;
				GCC_PREPROCESSOR_DEFINITIONS = (
					"DEBUG=1",
					"$(inherited)",
				);
				GCC_WARN_64_TO_32_BIT_CONVERSION = YES;
				GCC_WARN_ABOUT_RETURN_TYPE = YES_ERROR;
				GCC_WARN_UNDECLARED_SELECTOR = YES;
				GCC_WARN_UNINITIALIZED_AUTOS = YES_AGGRESSIVE;
				GCC_WARN_UNUSED_FUNCTION = YES;
				GCC_WARN_UNUSED_VARIABLE = YES;
				IPHONEOS_DEPLOYMENT_TARGET = 14.3;
				MTL_ENABLE_DEBUG_INFO = INCLUDE_SOURCE;
				MTL_FAST_MATH = YES;
				ONLY_ACTIVE_ARCH = YES;
				SDKROOT = iphoneos;
				SWIFT_ACTIVE_COMPILATION_CONDITIONS = DEBUG;
				SWIFT_OPTIMIZATION_LEVEL = "-Onone";
			};
			name = Debug;
		};
		B2041ACD25DBC467001213CB /* Release */ = {
			isa = XCBuildConfiguration;
			buildSettings = {
				ALWAYS_SEARCH_USER_PATHS = NO;
				CLANG_ANALYZER_NONNULL = YES;
				CLANG_ANALYZER_NUMBER_OBJECT_CONVERSION = YES_AGGRESSIVE;
				CLANG_CXX_LANGUAGE_STANDARD = "gnu++14";
				CLANG_CXX_LIBRARY = "libc++";
				CLANG_ENABLE_MODULES = YES;
				CLANG_ENABLE_OBJC_ARC = YES;
				CLANG_ENABLE_OBJC_WEAK = YES;
				CLANG_WARN_BLOCK_CAPTURE_AUTORELEASING = YES;
				CLANG_WARN_BOOL_CONVERSION = YES;
				CLANG_WARN_COMMA = YES;
				CLANG_WARN_CONSTANT_CONVERSION = YES;
				CLANG_WARN_DEPRECATED_OBJC_IMPLEMENTATIONS = YES;
				CLANG_WARN_DIRECT_OBJC_ISA_USAGE = YES_ERROR;
				CLANG_WARN_DOCUMENTATION_COMMENTS = YES;
				CLANG_WARN_EMPTY_BODY = YES;
				CLANG_WARN_ENUM_CONVERSION = YES;
				CLANG_WARN_INFINITE_RECURSION = YES;
				CLANG_WARN_INT_CONVERSION = YES;
				CLANG_WARN_NON_LITERAL_NULL_CONVERSION = YES;
				CLANG_WARN_OBJC_IMPLICIT_RETAIN_SELF = YES;
				CLANG_WARN_OBJC_LITERAL_CONVERSION = YES;
				CLANG_WARN_OBJC_ROOT_CLASS = YES_ERROR;
				CLANG_WARN_QUOTED_INCLUDE_IN_FRAMEWORK_HEADER = YES;
				CLANG_WARN_RANGE_LOOP_ANALYSIS = YES;
				CLANG_WARN_STRICT_PROTOTYPES = YES;
				CLANG_WARN_SUSPICIOUS_MOVE = YES;
				CLANG_WARN_UNGUARDED_AVAILABILITY = YES_AGGRESSIVE;
				CLANG_WARN_UNREACHABLE_CODE = YES;
				CLANG_WARN__DUPLICATE_METHOD_MATCH = YES;
				COPY_PHASE_STRIP = NO;
				DEBUG_INFORMATION_FORMAT = "dwarf-with-dsym";
				ENABLE_NS_ASSERTIONS = NO;
				ENABLE_STRICT_OBJC_MSGSEND = YES;
				GCC_C_LANGUAGE_STANDARD = gnu11;
				GCC_NO_COMMON_BLOCKS = YES;
				GCC_WARN_64_TO_32_BIT_CONVERSION = YES;
				GCC_WARN_ABOUT_RETURN_TYPE = YES_ERROR;
				GCC_WARN_UNDECLARED_SELECTOR = YES;
				GCC_WARN_UNINITIALIZED_AUTOS = YES_AGGRESSIVE;
				GCC_WARN_UNUSED_FUNCTION = YES;
				GCC_WARN_UNUSED_VARIABLE = YES;
				IPHONEOS_DEPLOYMENT_TARGET = 14.3;
				MTL_ENABLE_DEBUG_INFO = NO;
				MTL_FAST_MATH = YES;
				SDKROOT = iphoneos;
				SWIFT_COMPILATION_MODE = wholemodule;
				SWIFT_OPTIMIZATION_LEVEL = "-O";
				VALIDATE_PRODUCT = YES;
			};
			name = Release;
		};
		B2041ACF25DBC467001213CB /* Debug */ = {
			isa = XCBuildConfiguration;
			buildSettings = {
				ASSETCATALOG_COMPILER_APPICON_NAME = AppIcon;
				ASSETCATALOG_COMPILER_GLOBAL_ACCENT_COLOR_NAME = AccentColor;
				CODE_SIGN_STYLE = Automatic;
				DEVELOPMENT_ASSET_PATHS = "\"BestFood/Preview Content\"";
				DEVELOPMENT_TEAM = 34A9J24W7Y;
				ENABLE_PREVIEWS = YES;
				INFOPLIST_FILE = BestFood/Resources/Info.plist;
				IPHONEOS_DEPLOYMENT_TARGET = 14.0;
				LD_RUNPATH_SEARCH_PATHS = (
					"$(inherited)",
					"@executable_path/Frameworks",
				);
				PRODUCT_BUNDLE_IDENTIFIER = io.swiftdeveloper.BestFood;
				PRODUCT_NAME = "$(TARGET_NAME)";
				SWIFT_VERSION = 5.0;
				TARGETED_DEVICE_FAMILY = "1,2";
			};
			name = Debug;
		};
		B2041AD025DBC467001213CB /* Release */ = {
			isa = XCBuildConfiguration;
			buildSettings = {
				ASSETCATALOG_COMPILER_APPICON_NAME = AppIcon;
				ASSETCATALOG_COMPILER_GLOBAL_ACCENT_COLOR_NAME = AccentColor;
				CODE_SIGN_STYLE = Automatic;
				DEVELOPMENT_ASSET_PATHS = "\"BestFood/Preview Content\"";
				DEVELOPMENT_TEAM = 34A9J24W7Y;
				ENABLE_PREVIEWS = YES;
				INFOPLIST_FILE = BestFood/Resources/Info.plist;
				IPHONEOS_DEPLOYMENT_TARGET = 14.0;
				LD_RUNPATH_SEARCH_PATHS = (
					"$(inherited)",
					"@executable_path/Frameworks",
				);
				PRODUCT_BUNDLE_IDENTIFIER = io.swiftdeveloper.BestFood;
				PRODUCT_NAME = "$(TARGET_NAME)";
				SWIFT_VERSION = 5.0;
				TARGETED_DEVICE_FAMILY = "1,2";
			};
			name = Release;
		};
		B2041AD225DBC467001213CB /* Debug */ = {
			isa = XCBuildConfiguration;
			buildSettings = {
				ALWAYS_EMBED_SWIFT_STANDARD_LIBRARIES = YES;
				BUNDLE_LOADER = "$(TEST_HOST)";
				CODE_SIGN_STYLE = Automatic;
				DEVELOPMENT_TEAM = 34A9J24W7Y;
				INFOPLIST_FILE = BestFoodTests/Info.plist;
				IPHONEOS_DEPLOYMENT_TARGET = 14.0;
				LD_RUNPATH_SEARCH_PATHS = (
					"$(inherited)",
					"@executable_path/Frameworks",
					"@loader_path/Frameworks",
				);
				PRODUCT_BUNDLE_IDENTIFIER = io.swiftdeveloper.BestFoodTests;
				PRODUCT_NAME = "$(TARGET_NAME)";
				SWIFT_VERSION = 5.0;
				TARGETED_DEVICE_FAMILY = "1,2";
				TEST_HOST = "$(BUILT_PRODUCTS_DIR)/BestFood.app/BestFood";
			};
			name = Debug;
		};
		B2041AD325DBC467001213CB /* Release */ = {
			isa = XCBuildConfiguration;
			buildSettings = {
				ALWAYS_EMBED_SWIFT_STANDARD_LIBRARIES = YES;
				BUNDLE_LOADER = "$(TEST_HOST)";
				CODE_SIGN_STYLE = Automatic;
				DEVELOPMENT_TEAM = 34A9J24W7Y;
				INFOPLIST_FILE = BestFoodTests/Info.plist;
				IPHONEOS_DEPLOYMENT_TARGET = 14.0;
				LD_RUNPATH_SEARCH_PATHS = (
					"$(inherited)",
					"@executable_path/Frameworks",
					"@loader_path/Frameworks",
				);
				PRODUCT_BUNDLE_IDENTIFIER = io.swiftdeveloper.BestFoodTests;
				PRODUCT_NAME = "$(TARGET_NAME)";
				SWIFT_VERSION = 5.0;
				TARGETED_DEVICE_FAMILY = "1,2";
				TEST_HOST = "$(BUILT_PRODUCTS_DIR)/BestFood.app/BestFood";
			};
			name = Release;
		};
		B2041AD525DBC467001213CB /* Debug */ = {
			isa = XCBuildConfiguration;
			buildSettings = {
				ALWAYS_EMBED_SWIFT_STANDARD_LIBRARIES = YES;
				CODE_SIGN_STYLE = Automatic;
				DEVELOPMENT_TEAM = 34A9J24W7Y;
				INFOPLIST_FILE = BestFoodUITests/Info.plist;
				LD_RUNPATH_SEARCH_PATHS = (
					"$(inherited)",
					"@executable_path/Frameworks",
					"@loader_path/Frameworks",
				);
				PRODUCT_BUNDLE_IDENTIFIER = io.swiftdeveloper.BestFoodUITests;
				PRODUCT_NAME = "$(TARGET_NAME)";
				SWIFT_VERSION = 5.0;
				TARGETED_DEVICE_FAMILY = "1,2";
				TEST_TARGET_NAME = BestFood;
			};
			name = Debug;
		};
		B2041AD625DBC467001213CB /* Release */ = {
			isa = XCBuildConfiguration;
			buildSettings = {
				ALWAYS_EMBED_SWIFT_STANDARD_LIBRARIES = YES;
				CODE_SIGN_STYLE = Automatic;
				DEVELOPMENT_TEAM = 34A9J24W7Y;
				INFOPLIST_FILE = BestFoodUITests/Info.plist;
				LD_RUNPATH_SEARCH_PATHS = (
					"$(inherited)",
					"@executable_path/Frameworks",
					"@loader_path/Frameworks",
				);
				PRODUCT_BUNDLE_IDENTIFIER = io.swiftdeveloper.BestFoodUITests;
				PRODUCT_NAME = "$(TARGET_NAME)";
				SWIFT_VERSION = 5.0;
				TARGETED_DEVICE_FAMILY = "1,2";
				TEST_TARGET_NAME = BestFood;
			};
			name = Release;
		};
/* End XCBuildConfiguration section */

/* Begin XCConfigurationList section */
		B2041AA425DBC466001213CB /* Build configuration list for PBXProject "BestFood" */ = {
			isa = XCConfigurationList;
			buildConfigurations = (
				B2041ACC25DBC467001213CB /* Debug */,
				B2041ACD25DBC467001213CB /* Release */,
			);
			defaultConfigurationIsVisible = 0;
			defaultConfigurationName = Release;
		};
		B2041ACE25DBC467001213CB /* Build configuration list for PBXNativeTarget "BestFood" */ = {
			isa = XCConfigurationList;
			buildConfigurations = (
				B2041ACF25DBC467001213CB /* Debug */,
				B2041AD025DBC467001213CB /* Release */,
			);
			defaultConfigurationIsVisible = 0;
			defaultConfigurationName = Release;
		};
		B2041AD125DBC467001213CB /* Build configuration list for PBXNativeTarget "BestFoodTests" */ = {
			isa = XCConfigurationList;
			buildConfigurations = (
				B2041AD225DBC467001213CB /* Debug */,
				B2041AD325DBC467001213CB /* Release */,
			);
			defaultConfigurationIsVisible = 0;
			defaultConfigurationName = Release;
		};
		B2041AD425DBC467001213CB /* Build configuration list for PBXNativeTarget "BestFoodUITests" */ = {
			isa = XCConfigurationList;
			buildConfigurations = (
				B2041AD525DBC467001213CB /* Debug */,
				B2041AD625DBC467001213CB /* Release */,
			);
			defaultConfigurationIsVisible = 0;
			defaultConfigurationName = Release;
		};
/* End XCConfigurationList section */
	};
	rootObject = B2041AA125DBC466001213CB /* Project object */;
}
